
Microsoft Visual Studio Solution File, Format Version 12.00
# Visual Studio Version 17
VisualStudioVersion = 17.8.34330.188
MinimumVisualStudioVersion = 10.0.40219.1
Project("{FAE04EC0-301F-11D3-BF4B-00C04F79EFBC}") = "DevOpsTcsMicro", "DevOpsTcsMicro\DevOpsTcsMicro.csproj", "{8C91F66D-EBDE-4D28-8701-8D279458635B}"
EndProject
Project("{FAE04EC0-301F-11D3-BF4B-00C04F79EFBC}") = "DevOpsTcsMicro.Test", "DevOpsTcsMicro.Test\DevOpsTcsMicro.Test.csproj", "{7367E3C4-8321-4CE1-9F6C-64E381A15EE6}"
EndProject
Global
	GlobalSection(SolutionConfigurationPlatforms) = preSolution
		Debug|Any CPU = Debug|Any CPU
		Release|Any CPU = Release|Any CPU
	EndGlobalSection
	GlobalSection(ProjectConfigurationPlatforms) = postSolution
		{8C91F66D-EBDE-4D28-8701-8D279458635B}.Debug|Any CPU.ActiveCfg = Debug|Any CPU
		{8C91F66D-EBDE-4D28-8701-8D279458635B}.Debug|Any CPU.Build.0 = Debug|Any CPU
		{8C91F66D-EBDE-4D28-8701-8D279458635B}.Release|Any CPU.ActiveCfg = Release|Any CPU
		{8C91F66D-EBDE-4D28-8701-8D279458635B}.Release|Any CPU.Build.0 = Release|Any CPU
		{7367E3C4-8321-4CE1-9F6C-64E381A15EE6}.Debug|Any CPU.ActiveCfg = Debug|Any CPU
		{7367E3C4-8321-4CE1-9F6C-64E381A15EE6}.Debug|Any CPU.Build.0 = Debug|Any CPU
		{7367E3C4-8321-4CE1-9F6C-64E381A15EE6}.Release|Any CPU.ActiveCfg = Release|Any CPU
		{7367E3C4-8321-4CE1-9F6C-64E381A15EE6}.Release|Any CPU.Build.0 = Release|Any CPU
	EndGlobalSection
	GlobalSection(SolutionProperties) = preSolution
		HideSolutionNode = FALSE
	EndGlobalSection
	GlobalSection(ExtensibilityGlobals) = postSolution
		SolutionGuid = {8A04AB6D-685E-4B34-9883-B6FEFA6F43CA}
	EndGlobalSection
EndGlobal
